PODS:
  - MJRefresh (3.0.8)
  - YSTableView/EyemanHeader (0.2.3):
    - YSTableView/PullPushRefresh
  - YSTableView/IndicatorFooter (0.2.3):
    - YSTableView/PullPushRefresh
  - YSTableView/PullPushRefresh (0.2.3):
    - MJRefresh (~> 3.0.8)
    - YSTableView/TableView
  - YSTableView/TableView (0.2.3)

DEPENDENCIES:
  - YSTableView/EyemanHeader (= 0.2.3)
  - YSTableView/IndicatorFooter (= 0.2.3)

SPEC REPOS:
  http://192.168.3.31/TY_iOS_Librarys/tyspecs.git:
    - YSTableView
  https://github.com/CocoaPods/Specs.git:
    - MJRefresh

SPEC CHECKSUMS:
  MJRefresh: fafde8f18f4afd66b434331a9beb67a6c0264056
  YSTableView: 5e6993f9e08ebee26742967d4d48dcbcc7c4318d

PODFILE CHECKSUM: 57465e1ac167965cb6c323baa7c2ef46b7490275

COCOAPODS: 1.9.3
