PODS:
  - FTPopOverMenu (2.0.9)
  - Masonry (1.1.0)
  - MPNotificationView (1.1.1)

DEPENDENCIES:
  - FTPopOverMenu
  - Masonry
  - MPNotificationView

SPEC REPOS:
  https://github.com/CocoaPods/Specs.git:
    - Masonry
  trunk:
    - FTPopOverMenu
    - MPNotificationView

SPEC CHECKSUMS:
  FTPopOverMenu: 82782ddb42712fcd7747d072afd8f5e8cb2303eb
  Masonry: 678fab65091a9290e40e2832a55e7ab731aad201
  MPNotificationView: 0f342a4a5211f75ba9b395552af6c121b4730249

PODFILE CHECKSUM: f1c71c63a86a960891a9e96a7a774381ea00ad15

COCOAPODS: 1.8.4
